// !$*UTF8*$!
{
	archiveVersion = 1;
	classes = {
	};
	objectVersion = 55;
	objects = {

/* Begin PBXBuildFile section */
		74FB815A2850F84100167564 /* RxCocoa in Frameworks */ = {isa = PBXBuildFile; productRef = 74FB81592850F84100167564 /* RxCocoa */; };
		74FB815C2850F84100167564 /* RxSwift in Frameworks */ = {isa = PBXBuildFile; productRef = 74FB815B2850F84100167564 /* RxSwift */; };
		74FB815F2850F85400167564 /* ProgressHUD in Frameworks */ = {isa = PBXBuildFile; productRef = 74FB815E2850F85400167564 /* ProgressHUD */; };
		74FB81622850FA6C00167564 /* FirebaseAuth in Frameworks */ = {isa = PBXBuildFile; productRef = 74FB81612850FA6C00167564 /* FirebaseAuth */; };
		74FB81642850FA6C00167564 /* FirebaseDatabase in Frameworks */ = {isa = PBXBuildFile; productRef = 74FB81632850FA6C00167564 /* FirebaseDatabase */; };
		74FB81662850FA6C00167564 /* FirebaseStorage in Frameworks */ = {isa = PBXBuildFile; productRef = 74FB81652850FA6C00167564 /* FirebaseStorage */; };
		74FB81762850FADD00167564 /* FirebaseAuthImplementation.swift in Sources */ = {isa = PBXBuildFile; fileRef = 74FB81682850FADC00167564 /* FirebaseAuthImplementation.swift */; };
		74FB81772850FADD00167564 /* FirebaseRealTimeImplementation.swift in Sources */ = {isa = PBXBuildFile; fileRef = 74FB81692850FADC00167564 /* FirebaseRealTimeImplementation.swift */; };
		74FB81782850FADD00167564 /* Coordinator.swift in Sources */ = {isa = PBXBuildFile; fileRef = 74FB816B2850FADD00167564 /* Coordinator.swift */; };
		74FB81792850FADD00167564 /* AppCoordinator.swift in Sources */ = {isa = PBXBuildFile; fileRef = 74FB816D2850FADD00167564 /* AppCoordinator.swift */; };
		74FB817A2850FADD00167564 /* AppDelegate.swift in Sources */ = {isa = PBXBuildFile; fileRef = 74FB816E2850FADD00167564 /* AppDelegate.swift */; };
		74FB817B2850FADD00167564 /* SceneDelegate.swift in Sources */ = {isa = PBXBuildFile; fileRef = 74FB816F2850FADD00167564 /* SceneDelegate.swift */; };
		74FB817C2850FADD00167564 /* UIButton+Ext.swift in Sources */ = {isa = PBXBuildFile; fileRef = 74FB81722850FADD00167564 /* UIButton+Ext.swift */; };
		74FB817D2850FADD00167564 /* UIColor+EXT.swift in Sources */ = {isa = PBXBuildFile; fileRef = 74FB81732850FADD00167564 /* UIColor+EXT.swift */; };
		74FB817E2850FADD00167564 /* TextField+EXT.swift in Sources */ = {isa = PBXBuildFile; fileRef = 74FB81742850FADD00167564 /* TextField+EXT.swift */; };
		74FB817F2850FADD00167564 /* UIView+EXT.swift in Sources */ = {isa = PBXBuildFile; fileRef = 74FB81752850FADD00167564 /* UIView+EXT.swift */; };
		74FB81852850FAE200167564 /* Assets.xcassets in Resources */ = {isa = PBXBuildFile; fileRef = 74FB81812850FAE200167564 /* Assets.xcassets */; };
		74FB81862850FAE200167564 /* GoogleService-Info.plist in Resources */ = {isa = PBXBuildFile; fileRef = 74FB81822850FAE200167564 /* GoogleService-Info.plist */; };
		74FB81872850FAE200167564 /* LaunchScreen.storyboard in Resources */ = {isa = PBXBuildFile; fileRef = 74FB81832850FAE200167564 /* LaunchScreen.storyboard */; };
/* End PBXBuildFile section */

/* Begin PBXFileReference section */
		74FB81412850F6ED00167564 /* WriteX-Clone.app */ = {isa = PBXFileReference; explicitFileType = wrapper.application; includeInIndex = 0; path = "WriteX-Clone.app"; sourceTree = BUILT_PRODUCTS_DIR; };
		74FB81522850F6EF00167564 /* Info.plist */ = {isa = PBXFileReference; lastKnownFileType = text.plist.xml; path = Info.plist; sourceTree = "<group>"; };
		74FB81682850FADC00167564 /* FirebaseAuthImplementation.swift */ = {isa = PBXFileReference; fileEncoding = 4; lastKnownFileType = sourcecode.swift; path = FirebaseAuthImplementation.swift; sourceTree = "<group>"; };
		74FB81692850FADC00167564 /* FirebaseRealTimeImplementation.swift */ = {isa = PBXFileReference; fileEncoding = 4; lastKnownFileType = sourcecode.swift; path = FirebaseRealTimeImplementation.swift; sourceTree = "<group>"; };
		74FB816B2850FADD00167564 /* Coordinator.swift */ = {isa = PBXFileReference; fileEncoding = 4; lastKnownFileType = sourcecode.swift; path = Coordinator.swift; sourceTree = "<group>"; };
		74FB816D2850FADD00167564 /* AppCoordinator.swift */ = {isa = PBXFileReference; fileEncoding = 4; lastKnownFileType = sourcecode.swift; path = AppCoordinator.swift; sourceTree = "<group>"; };
		74FB816E2850FADD00167564 /* AppDelegate.swift */ = {isa = PBXFileReference; fileEncoding = 4; lastKnownFileType = sourcecode.swift; path = AppDelegate.swift; sourceTree = "<group>"; };
		74FB816F2850FADD00167564 /* SceneDelegate.swift */ = {isa = PBXFileReference; fileEncoding = 4; lastKnownFileType = sourcecode.swift; path = SceneDelegate.swift; sourceTree = "<group>"; };
		74FB81722850FADD00167564 /* UIButton+Ext.swift */ = {isa = PBXFileReference; fileEncoding = 4; lastKnownFileType = sourcecode.swift; path = "UIButton+Ext.swift"; sourceTree = "<group>"; };
		74FB81732850FADD00167564 /* UIColor+EXT.swift */ = {isa = PBXFileReference; fileEncoding = 4; lastKnownFileType = sourcecode.swift; path = "UIColor+EXT.swift"; sourceTree = "<group>"; };
		74FB81742850FADD00167564 /* TextField+EXT.swift */ = {isa = PBXFileReference; fileEncoding = 4; lastKnownFileType = sourcecode.swift; path = "TextField+EXT.swift"; sourceTree = "<group>"; };
		74FB81752850FADD00167564 /* UIView+EXT.swift */ = {isa = PBXFileReference; fileEncoding = 4; lastKnownFileType = sourcecode.swift; path = "UIView+EXT.swift"; sourceTree = "<group>"; };
		74FB81812850FAE200167564 /* Assets.xcassets */ = {isa = PBXFileReference; lastKnownFileType = folder.assetcatalog; path = Assets.xcassets; sourceTree = "<group>"; };
		74FB81822850FAE200167564 /* GoogleService-Info.plist */ = {isa = PBXFileReference; fileEncoding = 4; lastKnownFileType = text.plist.xml; path = "GoogleService-Info.plist"; sourceTree = "<group>"; };
		74FB81842850FAE200167564 /* Base */ = {isa = PBXFileReference; lastKnownFileType = file.storyboard; name = Base; path = Base.lproj/LaunchScreen.storyboard; sourceTree = "<group>"; };
/* End PBXFileReference section */

/* Begin PBXFrameworksBuildPhase section */
		74FB813E2850F6ED00167564 /* Frameworks */ = {
			isa = PBXFrameworksBuildPhase;
			buildActionMask = 2147483647;
			files = (
				74FB81642850FA6C00167564 /* FirebaseDatabase in Frameworks */,
				74FB815F2850F85400167564 /* ProgressHUD in Frameworks */,
				74FB815C2850F84100167564 /* RxSwift in Frameworks */,
				74FB815A2850F84100167564 /* RxCocoa in Frameworks */,
				74FB81622850FA6C00167564 /* FirebaseAuth in Frameworks */,
				74FB81662850FA6C00167564 /* FirebaseStorage in Frameworks */,
			);
			runOnlyForDeploymentPostprocessing = 0;
		};
/* End PBXFrameworksBuildPhase section */

/* Begin PBXGroup section */
		74FB81382850F6ED00167564 = {
			isa = PBXGroup;
			children = (
				74FB81432850F6ED00167564 /* WriteX-Clone */,
				74FB81422850F6ED00167564 /* Products */,
			);
			sourceTree = "<group>";
		};
		74FB81422850F6ED00167564 /* Products */ = {
			isa = PBXGroup;
			children = (
				74FB81412850F6ED00167564 /* WriteX-Clone.app */,
			);
			name = Products;
			sourceTree = "<group>";
		};
		74FB81432850F6ED00167564 /* WriteX-Clone */ = {
			isa = PBXGroup;
			children = (
				74FB816A2850FADD00167564 /* Coordinator */,
				74FB816C2850FADD00167564 /* Core */,
				74FB81702850FADD00167564 /* Extension */,
				74FB81672850FADC00167564 /* FirebaseManager */,
				74FB81802850FAE200167564 /* Resources */,
				74FB81522850F6EF00167564 /* Info.plist */,
			);
			path = "WriteX-Clone";
			sourceTree = "<group>";
		};
		74FB81672850FADC00167564 /* FirebaseManager */ = {
			isa = PBXGroup;
			children = (
				74FB81682850FADC00167564 /* FirebaseAuthImplementation.swift */,
				74FB81692850FADC00167564 /* FirebaseRealTimeImplementation.swift */,
			);
			path = FirebaseManager;
			sourceTree = "<group>";
		};
		74FB816A2850FADD00167564 /* Coordinator */ = {
			isa = PBXGroup;
			children = (
				74FB816B2850FADD00167564 /* Coordinator.swift */,
			);
			path = Coordinator;
			sourceTree = "<group>";
		};
		74FB816C2850FADD00167564 /* Core */ = {
			isa = PBXGroup;
			children = (
				74FB816D2850FADD00167564 /* AppCoordinator.swift */,
				74FB816E2850FADD00167564 /* AppDelegate.swift */,
				74FB816F2850FADD00167564 /* SceneDelegate.swift */,
			);
			path = Core;
			sourceTree = "<group>";
		};
		74FB81702850FADD00167564 /* Extension */ = {
			isa = PBXGroup;
			children = (
				74FB81712850FADD00167564 /* UI+EXT */,
			);
			path = Extension;
			sourceTree = "<group>";
		};
		74FB81712850FADD00167564 /* UI+EXT */ = {
			isa = PBXGroup;
			children = (
				74FB81722850FADD00167564 /* UIButton+Ext.swift */,
				74FB81732850FADD00167564 /* UIColor+EXT.swift */,
				74FB81742850FADD00167564 /* TextField+EXT.swift */,
				74FB81752850FADD00167564 /* UIView+EXT.swift */,
			);
			path = "UI+EXT";
			sourceTree = "<group>";
		};
		74FB81802850FAE200167564 /* Resources */ = {
			isa = PBXGroup;
			children = (
				74FB81812850FAE200167564 /* Assets.xcassets */,
				74FB81822850FAE200167564 /* GoogleService-Info.plist */,
				74FB81832850FAE200167564 /* LaunchScreen.storyboard */,
			);
			path = Resources;
			sourceTree = "<group>";
		};
/* End PBXGroup section */

/* Begin PBXNativeTarget section */
		74FB81402850F6ED00167564 /* WriteX-Clone */ = {
			isa = PBXNativeTarget;
			buildConfigurationList = 74FB81552850F6EF00167564 /* Build configuration list for PBXNativeTarget "WriteX-Clone" */;
			buildPhases = (
				74FB813D2850F6ED00167564 /* Sources */,
				74FB813E2850F6ED00167564 /* Frameworks */,
				74FB813F2850F6ED00167564 /* Resources */,
			);
			buildRules = (
			);
			dependencies = (
			);
			name = "WriteX-Clone";
			packageProductDependencies = (
				74FB81592850F84100167564 /* RxCocoa */,
				74FB815B2850F84100167564 /* RxSwift */,
				74FB815E2850F85400167564 /* ProgressHUD */,
				74FB81612850FA6C00167564 /* FirebaseAuth */,
				74FB81632850FA6C00167564 /* FirebaseDatabase */,
				74FB81652850FA6C00167564 /* FirebaseStorage */,
			);
			productName = "WriteX-Clone";
			productReference = 74FB81412850F6ED00167564 /* WriteX-Clone.app */;
			productType = "com.apple.product-type.application";
		};
/* End PBXNativeTarget section */

/* Begin PBXProject section */
		74FB81392850F6ED00167564 /* Project object */ = {
			isa = PBXProject;
			attributes = {
				BuildIndependentTargetsInParallel = 1;
				LastSwiftUpdateCheck = 1320;
				LastUpgradeCheck = 1320;
				TargetAttributes = {
					74FB81402850F6ED00167564 = {
						CreatedOnToolsVersion = 13.2.1;
					};
				};
			};
			buildConfigurationList = 74FB813C2850F6ED00167564 /* Build configuration list for PBXProject "WriteX-Clone" */;
			compatibilityVersion = "Xcode 13.0";
			developmentRegion = en;
			hasScannedForEncodings = 0;
			knownRegions = (
				en,
				Base,
			);
			mainGroup = 74FB81382850F6ED00167564;
			packageReferences = (
				74FB81582850F84100167564 /* XCRemoteSwiftPackageReference "RxSwift" */,
				74FB815D2850F85400167564 /* XCRemoteSwiftPackageReference "ProgressHUD" */,
				74FB81602850FA6C00167564 /* XCRemoteSwiftPackageReference "firebase-ios-sdk" */,
			);
			productRefGroup = 74FB81422850F6ED00167564 /* Products */;
			projectDirPath = "";
			projectRoot = "";
			targets = (
				74FB81402850F6ED00167564 /* WriteX-Clone */,
			);
		};
/* End PBXProject section */

/* Begin PBXResourcesBuildPhase section */
		74FB813F2850F6ED00167564 /* Resources */ = {
			isa = PBXResourcesBuildPhase;
			buildActionMask = 2147483647;
			files = (
				74FB81872850FAE200167564 /* LaunchScreen.storyboard in Resources */,
				74FB81852850FAE200167564 /* Assets.xcassets in Resources */,
				74FB81862850FAE200167564 /* GoogleService-Info.plist in Resources */,
			);
			runOnlyForDeploymentPostprocessing = 0;
		};
/* End PBXResourcesBuildPhase section */

/* Begin PBXSourcesBuildPhase section */
		74FB813D2850F6ED00167564 /* Sources */ = {
			isa = PBXSourcesBuildPhase;
			buildActionMask = 2147483647;
			files = (
				74FB81792850FADD00167564 /* AppCoordinator.swift in Sources */,
				74FB81762850FADD00167564 /* FirebaseAuthImplementation.swift in Sources */,
				74FB817E2850FADD00167564 /* TextField+EXT.swift in Sources */,
				74FB817C2850FADD00167564 /* UIButton+Ext.swift in Sources */,
				74FB81772850FADD00167564 /* FirebaseRealTimeImplementation.swift in Sources */,
				74FB817A2850FADD00167564 /* AppDelegate.swift in Sources */,
				74FB817D2850FADD00167564 /* UIColor+EXT.swift in Sources */,
				74FB81782850FADD00167564 /* Coordinator.swift in Sources */,
				74FB817F2850FADD00167564 /* UIView+EXT.swift in Sources */,
				74FB817B2850FADD00167564 /* SceneDelegate.swift in Sources */,
			);
			runOnlyForDeploymentPostprocessing = 0;
		};
/* End PBXSourcesBuildPhase section */

/* Begin PBXVariantGroup section */
		74FB81832850FAE200167564 /* LaunchScreen.storyboard */ = {
			isa = PBXVariantGroup;
			children = (
				74FB81842850FAE200167564 /* Base */,
			);
			name = LaunchScreen.storyboard;
			sourceTree = "<group>";
		};
/* End PBXVariantGroup section */

/* Begin XCBuildConfiguration section */
		74FB81532850F6EF00167564 /* Debug */ = {
			isa = XCBuildConfiguration;
			buildSettings = {
				ALWAYS_SEARCH_USER_PATHS = NO;
				CLANG_ANALYZER_NONNULL = YES;
				CLANG_ANALYZER_NUMBER_OBJECT_CONVERSION = YES_AGGRESSIVE;
				CLANG_CXX_LANGUAGE_STANDARD = "gnu++17";
				CLANG_CXX_LIBRARY = "libc++";
				CLANG_ENABLE_MODULES = YES;
				CLANG_ENABLE_OBJC_ARC = YES;
				CLANG_ENABLE_OBJC_WEAK = YES;
				CLANG_WARN_BLOCK_CAPTURE_AUTORELEASING = YES;
				CLANG_WARN_BOOL_CONVERSION = YES;
				CLANG_WARN_COMMA = YES;
				CLANG_WARN_CONSTANT_CONVERSION = YES;
				CLANG_WARN_DEPRECATED_OBJC_IMPLEMENTATIONS = YES;
				CLANG_WARN_DIRECT_OBJC_ISA_USAGE = YES_ERROR;
				CLANG_WARN_DOCUMENTATION_COMMENTS = YES;
				CLANG_WARN_EMPTY_BODY = YES;
				CLANG_WARN_ENUM_CONVERSION = YES;
				CLANG_WARN_INFINITE_RECURSION = YES;
				CLANG_WARN_INT_CONVERSION = YES;
				CLANG_WARN_NON_LITERAL_NULL_CONVERSION = YES;
				CLANG_WARN_OBJC_IMPLICIT_RETAIN_SELF = YES;
				CLANG_WARN_OBJC_LITERAL_CONVERSION = YES;
				CLANG_WARN_OBJC_ROOT_CLASS = YES_ERROR;
				CLANG_WARN_QUOTED_INCLUDE_IN_FRAMEWORK_HEADER = YES;
				CLANG_WARN_RANGE_LOOP_ANALYSIS = YES;
				CLANG_WARN_STRICT_PROTOTYPES = YES;
				CLANG_WARN_SUSPICIOUS_MOVE = YES;
				CLANG_WARN_UNGUARDED_AVAILABILITY = YES_AGGRESSIVE;
				CLANG_WARN_UNREACHABLE_CODE = YES;
				CLANG_WARN__DUPLICATE_METHOD_MATCH = YES;
				COPY_PHASE_STRIP = NO;
				DEBUG_INFORMATION_FORMAT = dwarf;
				ENABLE_STRICT_OBJC_MSGSEND = YES;
				ENABLE_TESTABILITY = YES;
				GCC_C_LANGUAGE_STANDARD = gnu11;
				GCC_DYNAMIC_NO_PIC = NO;
				GCC_NO_COMMON_BLOCKS = YES;
				GCC_OPTIMIZATION_LEVEL = 0;
				GCC_PREPROCESSOR_DEFINITIONS = (
					"DEBUG=1",
					"$(inherited)",
				);
				GCC_WARN_64_TO_32_BIT_CONVERSION = YES;
				GCC_WARN_ABOUT_RETURN_TYPE = YES_ERROR;
				GCC_WARN_UNDECLARED_SELECTOR = YES;
				GCC_WARN_UNINITIALIZED_AUTOS = YES_AGGRESSIVE;
				GCC_WARN_UNUSED_FUNCTION = YES;
				GCC_WARN_UNUSED_VARIABLE = YES;
				IPHONEOS_DEPLOYMENT_TARGET = 15.2;
				MTL_ENABLE_DEBUG_INFO = INCLUDE_SOURCE;
				MTL_FAST_MATH = YES;
				ONLY_ACTIVE_ARCH = YES;
				SDKROOT = iphoneos;
				SWIFT_ACTIVE_COMPILATION_CONDITIONS = DEBUG;
				SWIFT_OPTIMIZATION_LEVEL = "-Onone";
			};
			name = Debug;
		};
		74FB81542850F6EF00167564 /* Release */ = {
			isa = XCBuildConfiguration;
			buildSettings = {
				ALWAYS_SEARCH_USER_PATHS = NO;
				CLANG_ANALYZER_NONNULL = YES;
				CLANG_ANALYZER_NUMBER_OBJECT_CONVERSION = YES_AGGRESSIVE;
				CLANG_CXX_LANGUAGE_STANDARD = "gnu++17";
				CLANG_CXX_LIBRARY = "libc++";
				CLANG_ENABLE_MODULES = YES;
				CLANG_ENABLE_OBJC_ARC = YES;
				CLANG_ENABLE_OBJC_WEAK = YES;
				CLANG_WARN_BLOCK_CAPTURE_AUTORELEASING = YES;
				CLANG_WARN_BOOL_CONVERSION = YES;
				CLANG_WARN_COMMA = YES;
				CLANG_WARN_CONSTANT_CONVERSION = YES;
				CLANG_WARN_DEPRECATED_OBJC_IMPLEMENTATIONS = YES;
				CLANG_WARN_DIRECT_OBJC_ISA_USAGE = YES_ERROR;
				CLANG_WARN_DOCUMENTATION_COMMENTS = YES;
				CLANG_WARN_EMPTY_BODY = YES;
				CLANG_WARN_ENUM_CONVERSION = YES;
				CLANG_WARN_INFINITE_RECURSION = YES;
				CLANG_WARN_INT_CONVERSION = YES;
				CLANG_WARN_NON_LITERAL_NULL_CONVERSION = YES;
				CLANG_WARN_OBJC_IMPLICIT_RETAIN_SELF = YES;
				CLANG_WARN_OBJC_LITERAL_CONVERSION = YES;
				CLANG_WARN_OBJC_ROOT_CLASS = YES_ERROR;
				CLANG_WARN_QUOTED_INCLUDE_IN_FRAMEWORK_HEADER = YES;
				CLANG_WARN_RANGE_LOOP_ANALYSIS = YES;
				CLANG_WARN_STRICT_PROTOTYPES = YES;
				CLANG_WARN_SUSPICIOUS_MOVE = YES;
				CLANG_WARN_UNGUARDED_AVAILABILITY = YES_AGGRESSIVE;
				CLANG_WARN_UNREACHABLE_CODE = YES;
				CLANG_WARN__DUPLICATE_METHOD_MATCH = YES;
				COPY_PHASE_STRIP = NO;
				DEBUG_INFORMATION_FORMAT = "dwarf-with-dsym";
				ENABLE_NS_ASSERTIONS = NO;
				ENABLE_STRICT_OBJC_MSGSEND = YES;
				GCC_C_LANGUAGE_STANDARD = gnu11;
				GCC_NO_COMMON_BLOCKS = YES;
				GCC_WARN_64_TO_32_BIT_CONVERSION = YES;
				GCC_WARN_ABOUT_RETURN_TYPE = YES_ERROR;
				GCC_WARN_UNDECLARED_SELECTOR = YES;
				GCC_WARN_UNINITIALIZED_AUTOS = YES_AGGRESSIVE;
				GCC_WARN_UNUSED_FUNCTION = YES;
				GCC_WARN_UNUSED_VARIABLE = YES;
				IPHONEOS_DEPLOYMENT_TARGET = 15.2;
				MTL_ENABLE_DEBUG_INFO = NO;
				MTL_FAST_MATH = YES;
				SDKROOT = iphoneos;
				SWIFT_COMPILATION_MODE = wholemodule;
				SWIFT_OPTIMIZATION_LEVEL = "-O";
				VALIDATE_PRODUCT = YES;
			};
			name = Release;
		};
		74FB81562850F6EF00167564 /* Debug */ = {
			isa = XCBuildConfiguration;
			buildSettings = {
				ASSETCATALOG_COMPILER_APPICON_NAME = AppIcon;
				ASSETCATALOG_COMPILER_GLOBAL_ACCENT_COLOR_NAME = AccentColor;
				CODE_SIGN_STYLE = Automatic;
				CURRENT_PROJECT_VERSION = 1;
				GENERATE_INFOPLIST_FILE = YES;
				INFOPLIST_FILE = "WriteX-Clone/Info.plist";
				INFOPLIST_KEY_UIApplicationSupportsIndirectInputEvents = YES;
				INFOPLIST_KEY_UILaunchStoryboardName = LaunchScreen;
				INFOPLIST_KEY_UIMainStoryboardFile = Main;
				INFOPLIST_KEY_UISupportedInterfaceOrientations_iPad = "UIInterfaceOrientationPortrait UIInterfaceOrientationPortraitUpsideDown UIInterfaceOrientationLandscapeLeft UIInterfaceOrientationLandscapeRight";
				INFOPLIST_KEY_UISupportedInterfaceOrientations_iPhone = "UIInterfaceOrientationPortrait UIInterfaceOrientationLandscapeLeft UIInterfaceOrientationLandscapeRight";
				LD_RUNPATH_SEARCH_PATHS = (
					"$(inherited)",
					"@executable_path/Frameworks",
				);
				MARKETING_VERSION = 1.0;
				PRODUCT_BUNDLE_IDENTIFIER = "com.afathe7090.WriteX-Clone";
				PRODUCT_NAME = "$(TARGET_NAME)";
				SWIFT_EMIT_LOC_STRINGS = YES;
				SWIFT_VERSION = 5.0;
				TARGETED_DEVICE_FAMILY = "1,2";
			};
			name = Debug;
		};
		74FB81572850F6EF00167564 /* Release */ = {
			isa = XCBuildConfiguration;
			buildSettings = {
				ASSETCATALOG_COMPILER_APPICON_NAME = AppIcon;
				ASSETCATALOG_COMPILER_GLOBAL_ACCENT_COLOR_NAME = AccentColor;
				CODE_SIGN_STYLE = Automatic;
				CURRENT_PROJECT_VERSION = 1;
				GENERATE_INFOPLIST_FILE = YES;
				INFOPLIST_FILE = "WriteX-Clone/Info.plist";
				INFOPLIST_KEY_UIApplicationSupportsIndirectInputEvents = YES;
				INFOPLIST_KEY_UILaunchStoryboardName = LaunchScreen;
				INFOPLIST_KEY_UIMainStoryboardFile = Main;
				INFOPLIST_KEY_UISupportedInterfaceOrientations_iPad = "UIInterfaceOrientationPortrait UIInterfaceOrientationPortraitUpsideDown UIInterfaceOrientationLandscapeLeft UIInterfaceOrientationLandscapeRight";
				INFOPLIST_KEY_UISupportedInterfaceOrientations_iPhone = "UIInterfaceOrientationPortrait UIInterfaceOrientationLandscapeLeft UIInterfaceOrientationLandscapeRight";
				LD_RUNPATH_SEARCH_PATHS = (
					"$(inherited)",
					"@executable_path/Frameworks",
				);
				MARKETING_VERSION = 1.0;
				PRODUCT_BUNDLE_IDENTIFIER = "com.afathe7090.WriteX-Clone";
				PRODUCT_NAME = "$(TARGET_NAME)";
				SWIFT_EMIT_LOC_STRINGS = YES;
				SWIFT_VERSION = 5.0;
				TARGETED_DEVICE_FAMILY = "1,2";
			};
			name = Release;
		};
/* End XCBuildConfiguration section */

/* Begin XCConfigurationList section */
		74FB813C2850F6ED00167564 /* Build configuration list for PBXProject "WriteX-Clone" */ = {
			isa = XCConfigurationList;
			buildConfigurations = (
				74FB81532850F6EF00167564 /* Debug */,
				74FB81542850F6EF00167564 /* Release */,
			);
			defaultConfigurationIsVisible = 0;
			defaultConfigurationName = Release;
		};
		74FB81552850F6EF00167564 /* Build configuration list for PBXNativeTarget "WriteX-Clone" */ = {
			isa = XCConfigurationList;
			buildConfigurations = (
				74FB81562850F6EF00167564 /* Debug */,
				74FB81572850F6EF00167564 /* Release */,
			);
			defaultConfigurationIsVisible = 0;
			defaultConfigurationName = Release;
		};
/* End XCConfigurationList section */

/* Begin XCRemoteSwiftPackageReference section */
		74FB81582850F84100167564 /* XCRemoteSwiftPackageReference "RxSwift" */ = {
			isa = XCRemoteSwiftPackageReference;
			repositoryURL = "https://github.com/ReactiveX/RxSwift.git";
			requirement = {
				branch = main;
				kind = branch;
			};
		};
		74FB815D2850F85400167564 /* XCRemoteSwiftPackageReference "ProgressHUD" */ = {
			isa = XCRemoteSwiftPackageReference;
			repositoryURL = "https://github.com/relatedcode/ProgressHUD.git";
			requirement = {
				branch = master;
				kind = branch;
			};
		};
		74FB81602850FA6C00167564 /* XCRemoteSwiftPackageReference "firebase-ios-sdk" */ = {
			isa = XCRemoteSwiftPackageReference;
			repositoryURL = "https://github.com/firebase/firebase-ios-sdk.git";
			requirement = {
				branch = master;
				kind = branch;
			};
		};
/* End XCRemoteSwiftPackageReference section */

/* Begin XCSwiftPackageProductDependency section */
		74FB81592850F84100167564 /* RxCocoa */ = {
			isa = XCSwiftPackageProductDependency;
			package = 74FB81582850F84100167564 /* XCRemoteSwiftPackageReference "RxSwift" */;
			productName = RxCocoa;
		};
		74FB815B2850F84100167564 /* RxSwift */ = {
			isa = XCSwiftPackageProductDependency;
			package = 74FB81582850F84100167564 /* XCRemoteSwiftPackageReference "RxSwift" */;
			productName = RxSwift;
		};
		74FB815E2850F85400167564 /* ProgressHUD */ = {
			isa = XCSwiftPackageProductDependency;
			package = 74FB815D2850F85400167564 /* XCRemoteSwiftPackageReference "ProgressHUD" */;
			productName = ProgressHUD;
		};
		74FB81612850FA6C00167564 /* FirebaseAuth */ = {
			isa = XCSwiftPackageProductDependency;
			package = 74FB81602850FA6C00167564 /* XCRemoteSwiftPackageReference "firebase-ios-sdk" */;
			productName = FirebaseAuth;
		};
		74FB81632850FA6C00167564 /* FirebaseDatabase */ = {
			isa = XCSwiftPackageProductDependency;
			package = 74FB81602850FA6C00167564 /* XCRemoteSwiftPackageReference "firebase-ios-sdk" */;
			productName = FirebaseDatabase;
		};
		74FB81652850FA6C00167564 /* FirebaseStorage */ = {
			isa = XCSwiftPackageProductDependency;
			package = 74FB81602850FA6C00167564 /* XCRemoteSwiftPackageReference "firebase-ios-sdk" */;
			productName = FirebaseStorage;
		};
/* End XCSwiftPackageProductDependency section */
	};
	rootObject = 74FB81392850F6ED00167564 /* Project object */;
}
